
Microsoft Visual Studio Solution File, Format Version 12.00
# Visual Studio 15
VisualStudioVersion = 15.0.27428.2005
MinimumVisualStudioVersion = 10.0.40219.1
Project("{8BC9CEB8-8B4A-11D0-8D11-00A0C91BC942}") = "01. C99_integer", "C99_integer\C99_integer.vcxproj", "{25235E47-2355-4C91-A538-DCE438019C88}"
EndProject
Project("{8BC9CEB8-8B4A-11D0-8D11-00A0C91BC942}") = "02. Char_1", "Char\Char.vcxproj", "{87B81072-B010-42DF-A188-7F69E5FB2FAC}"
EndProject
Project("{8BC9CEB8-8B4A-11D0-8D11-00A0C91BC942}") = "02. Char_2", "Char_2\Char_2.vcxproj", "{EFB96DC9-DB11-4E19-B515-FCB92C50427D}"
EndProject
Project("{8BC9CEB8-8B4A-11D0-8D11-00A0C91BC942}") = "07. FieldWidth", "FieldWidth\FieldWidth.vcxproj", "{CFAD825B-41B3-468D-9F6F-564E069F1AAD}"
EndProject
Project("{8BC9CEB8-8B4A-11D0-8D11-00A0C91BC942}") = "05. FloatOverflow", "FloatOverflow\FloatOverflow.vcxproj", "{802B5194-B236-4370-96E6-1CC6DD3F9E3C}"
EndProject
Project("{8BC9CEB8-8B4A-11D0-8D11-00A0C91BC942}") = "04. Floatsize", "Floatsize\Floatsize.vcxproj", "{9452C0CA-DFF1-47CD-A27C-3545C276BC48}"
EndProject
Project("{8BC9CEB8-8B4A-11D0-8D11-00A0C91BC942}") = "11. GetsScanf", "GetsScanf\GetsScanf.vcxproj", "{DBAD39B7-C59A-4E08-9F29-386BCA6A5EB1}"
EndProject
Project("{8BC9CEB8-8B4A-11D0-8D11-00A0C91BC942}") = "00. Overflow", "Overflow\Overflow.vcxproj", "{D89B32BA-CB12-4AEF-9266-4E69D2BB9C6B}"
EndProject
Project("{8BC9CEB8-8B4A-11D0-8D11-00A0C91BC942}") = "06. PrintEscape", "PrintEscape\PrintEscape.vcxproj", "{E83BAEB4-6B70-4F3B-9E35-6D1C1B2C6AF7}"
EndProject
Project("{8BC9CEB8-8B4A-11D0-8D11-00A0C91BC942}") = "12. PutsPrintf", "PutsPrintf\PutsPrintf.vcxproj", "{61AA0DEA-6EF0-4882-98CF-6FE24D5C7824}"
EndProject
Project("{8BC9CEB8-8B4A-11D0-8D11-00A0C91BC942}") = "08. Scanf", "Scanf\Scanf.vcxproj", "{BDB19502-A4C3-4A0B-B8E5-2315565F4C45}"
EndProject
Project("{8BC9CEB8-8B4A-11D0-8D11-00A0C91BC942}") = "10. Scanf_2", "Scanf2\Scanf2.vcxproj", "{866EB7F5-E4A7-40C9-80AC-866D7ED27B30}"
EndProject
Project("{8BC9CEB8-8B4A-11D0-8D11-00A0C91BC942}") = "10. Scanf_3", "Scanf3\Scanf3.vcxproj", "{46EADB0F-C9B4-45F7-BFD6-10F9A241B7EA}"
EndProject
Project("{8BC9CEB8-8B4A-11D0-8D11-00A0C91BC942}") = "10. scanf4", "scanf4\scanf4.vcxproj", "{6D96D60F-88C2-45FF-A800-97812D289300}"
EndProject
Project("{8BC9CEB8-8B4A-11D0-8D11-00A0C91BC942}") = "09. Scantype", "Scantype\Scantype.vcxproj", "{C97A71CC-D1C4-4F68-869E-57EC271F2CAB}"
EndProject
Project("{8BC9CEB8-8B4A-11D0-8D11-00A0C91BC942}") = "16. secure_file", "secure_file\secure_file.vcxproj", "{B0E41361-2961-4182-A961-F9C606F7D493}"
EndProject
Project("{8BC9CEB8-8B4A-11D0-8D11-00A0C91BC942}") = "03. Sizeof", "Sizeof\Sizeof.vcxproj", "{2BF9CC5F-BFA6-4655-8B61-3BC461DE61DD}"
EndProject
Project("{8BC9CEB8-8B4A-11D0-8D11-00A0C91BC942}") = "13. SscanfSprintf", "SscanfSprintf\SscanfSprintf.vcxproj", "{C5A6F1EF-C081-4E82-923E-DADA6C714D00}"
EndProject
Project("{8BC9CEB8-8B4A-11D0-8D11-00A0C91BC942}") = "15. wchar_t", "wchar_t\wchar_t.vcxproj", "{A9AA4F59-5D18-4676-87B7-FF56D2AA0689}"
EndProject
Project("{8BC9CEB8-8B4A-11D0-8D11-00A0C91BC942}") = "15. wchar_t2", "wchar_t2\wchar_t2.vcxproj", "{C0E4BEC1-DFC5-4E08-AE80-837103D00C84}"
EndProject
Project("{8BC9CEB8-8B4A-11D0-8D11-00A0C91BC942}") = "14. wscanf", "wscanf\wscanf.vcxproj", "{1C36254A-EF51-4895-99B2-44BD095786FF}"
EndProject
Global
	GlobalSection(SolutionConfigurationPlatforms) = preSolution
		Debug|x64 = Debug|x64
		Debug|x86 = Debug|x86
		Release|x64 = Release|x64
		Release|x86 = Release|x86
	EndGlobalSection
	GlobalSection(ProjectConfigurationPlatforms) = postSolution
		{25235E47-2355-4C91-A538-DCE438019C88}.Debug|x64.ActiveCfg = Debug|x64
		{25235E47-2355-4C91-A538-DCE438019C88}.Debug|x64.Build.0 = Debug|x64
		{25235E47-2355-4C91-A538-DCE438019C88}.Debug|x86.ActiveCfg = Debug|Win32
		{25235E47-2355-4C91-A538-DCE438019C88}.Debug|x86.Build.0 = Debug|Win32
		{25235E47-2355-4C91-A538-DCE438019C88}.Release|x64.ActiveCfg = Release|x64
		{25235E47-2355-4C91-A538-DCE438019C88}.Release|x64.Build.0 = Release|x64
		{25235E47-2355-4C91-A538-DCE438019C88}.Release|x86.ActiveCfg = Release|Win32
		{25235E47-2355-4C91-A538-DCE438019C88}.Release|x86.Build.0 = Release|Win32
		{87B81072-B010-42DF-A188-7F69E5FB2FAC}.Debug|x64.ActiveCfg = Debug|x64
		{87B81072-B010-42DF-A188-7F69E5FB2FAC}.Debug|x64.Build.0 = Debug|x64
		{87B81072-B010-42DF-A188-7F69E5FB2FAC}.Debug|x86.ActiveCfg = Debug|Win32
		{87B81072-B010-42DF-A188-7F69E5FB2FAC}.Debug|x86.Build.0 = Debug|Win32
		{87B81072-B010-42DF-A188-7F69E5FB2FAC}.Release|x64.ActiveCfg = Release|x64
		{87B81072-B010-42DF-A188-7F69E5FB2FAC}.Release|x64.Build.0 = Release|x64
		{87B81072-B010-42DF-A188-7F69E5FB2FAC}.Release|x86.ActiveCfg = Release|Win32
		{87B81072-B010-42DF-A188-7F69E5FB2FAC}.Release|x86.Build.0 = Release|Win32
		{EFB96DC9-DB11-4E19-B515-FCB92C50427D}.Debug|x64.ActiveCfg = Debug|x64
		{EFB96DC9-DB11-4E19-B515-FCB92C50427D}.Debug|x64.Build.0 = Debug|x64
		{EFB96DC9-DB11-4E19-B515-FCB92C50427D}.Debug|x86.ActiveCfg = Debug|Win32
		{EFB96DC9-DB11-4E19-B515-FCB92C50427D}.Debug|x86.Build.0 = Debug|Win32
		{EFB96DC9-DB11-4E19-B515-FCB92C50427D}.Release|x64.ActiveCfg = Release|x64
		{EFB96DC9-DB11-4E19-B515-FCB92C50427D}.Release|x64.Build.0 = Release|x64
		{EFB96DC9-DB11-4E19-B515-FCB92C50427D}.Release|x86.ActiveCfg = Release|Win32
		{EFB96DC9-DB11-4E19-B515-FCB92C50427D}.Release|x86.Build.0 = Release|Win32
		{CFAD825B-41B3-468D-9F6F-564E069F1AAD}.Debug|x64.ActiveCfg = Debug|x64
		{CFAD825B-41B3-468D-9F6F-564E069F1AAD}.Debug|x64.Build.0 = Debug|x64
		{CFAD825B-41B3-468D-9F6F-564E069F1AAD}.Debug|x86.ActiveCfg = Debug|Win32
		{CFAD825B-41B3-468D-9F6F-564E069F1AAD}.Debug|x86.Build.0 = Debug|Win32
		{CFAD825B-41B3-468D-9F6F-564E069F1AAD}.Release|x64.ActiveCfg = Release|x64
		{CFAD825B-41B3-468D-9F6F-564E069F1AAD}.Release|x64.Build.0 = Release|x64
		{CFAD825B-41B3-468D-9F6F-564E069F1AAD}.Release|x86.ActiveCfg = Release|Win32
		{CFAD825B-41B3-468D-9F6F-564E069F1AAD}.Release|x86.Build.0 = Release|Win32
		{802B5194-B236-4370-96E6-1CC6DD3F9E3C}.Debug|x64.ActiveCfg = Debug|x64
		{802B5194-B236-4370-96E6-1CC6DD3F9E3C}.Debug|x64.Build.0 = Debug|x64
		{802B5194-B236-4370-96E6-1CC6DD3F9E3C}.Debug|x86.ActiveCfg = Debug|Win32
		{802B5194-B236-4370-96E6-1CC6DD3F9E3C}.Debug|x86.Build.0 = Debug|Win32
		{802B5194-B236-4370-96E6-1CC6DD3F9E3C}.Release|x64.ActiveCfg = Release|x64
		{802B5194-B236-4370-96E6-1CC6DD3F9E3C}.Release|x64.Build.0 = Release|x64
		{802B5194-B236-4370-96E6-1CC6DD3F9E3C}.Release|x86.ActiveCfg = Release|Win32
		{802B5194-B236-4370-96E6-1CC6DD3F9E3C}.Release|x86.Build.0 = Release|Win32
		{9452C0CA-DFF1-47CD-A27C-3545C276BC48}.Debug|x64.ActiveCfg = Debug|x64
		{9452C0CA-DFF1-47CD-A27C-3545C276BC48}.Debug|x64.Build.0 = Debug|x64
		{9452C0CA-DFF1-47CD-A27C-3545C276BC48}.Debug|x86.ActiveCfg = Debug|Win32
		{9452C0CA-DFF1-47CD-A27C-3545C276BC48}.Debug|x86.Build.0 = Debug|Win32
		{9452C0CA-DFF1-47CD-A27C-3545C276BC48}.Release|x64.ActiveCfg = Release|x64
		{9452C0CA-DFF1-47CD-A27C-3545C276BC48}.Release|x64.Build.0 = Release|x64
		{9452C0CA-DFF1-47CD-A27C-3545C276BC48}.Release|x86.ActiveCfg = Release|Win32
		{9452C0CA-DFF1-47CD-A27C-3545C276BC48}.Release|x86.Build.0 = Release|Win32
		{DBAD39B7-C59A-4E08-9F29-386BCA6A5EB1}.Debug|x64.ActiveCfg = Debug|x64
		{DBAD39B7-C59A-4E08-9F29-386BCA6A5EB1}.Debug|x64.Build.0 = Debug|x64
		{DBAD39B7-C59A-4E08-9F29-386BCA6A5EB1}.Debug|x86.ActiveCfg = Debug|Win32
		{DBAD39B7-C59A-4E08-9F29-386BCA6A5EB1}.Debug|x86.Build.0 = Debug|Win32
		{DBAD39B7-C59A-4E08-9F29-386BCA6A5EB1}.Release|x64.ActiveCfg = Release|x64
		{DBAD39B7-C59A-4E08-9F29-386BCA6A5EB1}.Release|x64.Build.0 = Release|x64
		{DBAD39B7-C59A-4E08-9F29-386BCA6A5EB1}.Release|x86.ActiveCfg = Release|Win32
		{DBAD39B7-C59A-4E08-9F29-386BCA6A5EB1}.Release|x86.Build.0 = Release|Win32
		{D89B32BA-CB12-4AEF-9266-4E69D2BB9C6B}.Debug|x64.ActiveCfg = Debug|x64
		{D89B32BA-CB12-4AEF-9266-4E69D2BB9C6B}.Debug|x64.Build.0 = Debug|x64
		{D89B32BA-CB12-4AEF-9266-4E69D2BB9C6B}.Debug|x86.ActiveCfg = Debug|Win32
		{D89B32BA-CB12-4AEF-9266-4E69D2BB9C6B}.Debug|x86.Build.0 = Debug|Win32
		{D89B32BA-CB12-4AEF-9266-4E69D2BB9C6B}.Release|x64.ActiveCfg = Release|x64
		{D89B32BA-CB12-4AEF-9266-4E69D2BB9C6B}.Release|x64.Build.0 = Release|x64
		{D89B32BA-CB12-4AEF-9266-4E69D2BB9C6B}.Release|x86.ActiveCfg = Release|Win32
		{D89B32BA-CB12-4AEF-9266-4E69D2BB9C6B}.Release|x86.Build.0 = Release|Win32
		{E83BAEB4-6B70-4F3B-9E35-6D1C1B2C6AF7}.Debug|x64.ActiveCfg = Debug|x64
		{E83BAEB4-6B70-4F3B-9E35-6D1C1B2C6AF7}.Debug|x64.Build.0 = Debug|x64
		{E83BAEB4-6B70-4F3B-9E35-6D1C1B2C6AF7}.Debug|x86.ActiveCfg = Debug|Win32
		{E83BAEB4-6B70-4F3B-9E35-6D1C1B2C6AF7}.Debug|x86.Build.0 = Debug|Win32
		{E83BAEB4-6B70-4F3B-9E35-6D1C1B2C6AF7}.Release|x64.ActiveCfg = Release|x64
		{E83BAEB4-6B70-4F3B-9E35-6D1C1B2C6AF7}.Release|x64.Build.0 = Release|x64
		{E83BAEB4-6B70-4F3B-9E35-6D1C1B2C6AF7}.Release|x86.ActiveCfg = Release|Win32
		{E83BAEB4-6B70-4F3B-9E35-6D1C1B2C6AF7}.Release|x86.Build.0 = Release|Win32
		{61AA0DEA-6EF0-4882-98CF-6FE24D5C7824}.Debug|x64.ActiveCfg = Debug|x64
		{61AA0DEA-6EF0-4882-98CF-6FE24D5C7824}.Debug|x64.Build.0 = Debug|x64
		{61AA0DEA-6EF0-4882-98CF-6FE24D5C7824}.Debug|x86.ActiveCfg = Debug|Win32
		{61AA0DEA-6EF0-4882-98CF-6FE24D5C7824}.Debug|x86.Build.0 = Debug|Win32
		{61AA0DEA-6EF0-4882-98CF-6FE24D5C7824}.Release|x64.ActiveCfg = Release|x64
		{61AA0DEA-6EF0-4882-98CF-6FE24D5C7824}.Release|x64.Build.0 = Release|x64
		{61AA0DEA-6EF0-4882-98CF-6FE24D5C7824}.Release|x86.ActiveCfg = Release|Win32
		{61AA0DEA-6EF0-4882-98CF-6FE24D5C7824}.Release|x86.Build.0 = Release|Win32
		{BDB19502-A4C3-4A0B-B8E5-2315565F4C45}.Debug|x64.ActiveCfg = Debug|x64
		{BDB19502-A4C3-4A0B-B8E5-2315565F4C45}.Debug|x64.Build.0 = Debug|x64
		{BDB19502-A4C3-4A0B-B8E5-2315565F4C45}.Debug|x86.ActiveCfg = Debug|Win32
		{BDB19502-A4C3-4A0B-B8E5-2315565F4C45}.Debug|x86.Build.0 = Debug|Win32
		{BDB19502-A4C3-4A0B-B8E5-2315565F4C45}.Release|x64.ActiveCfg = Release|x64
		{BDB19502-A4C3-4A0B-B8E5-2315565F4C45}.Release|x64.Build.0 = Release|x64
		{BDB19502-A4C3-4A0B-B8E5-2315565F4C45}.Release|x86.ActiveCfg = Release|Win32
		{BDB19502-A4C3-4A0B-B8E5-2315565F4C45}.Release|x86.Build.0 = Release|Win32
		{866EB7F5-E4A7-40C9-80AC-866D7ED27B30}.Debug|x64.ActiveCfg = Debug|x64
		{866EB7F5-E4A7-40C9-80AC-866D7ED27B30}.Debug|x64.Build.0 = Debug|x64
		{866EB7F5-E4A7-40C9-80AC-866D7ED27B30}.Debug|x86.ActiveCfg = Debug|Win32
		{866EB7F5-E4A7-40C9-80AC-866D7ED27B30}.Debug|x86.Build.0 = Debug|Win32
		{866EB7F5-E4A7-40C9-80AC-866D7ED27B30}.Release|x64.ActiveCfg = Release|x64
		{866EB7F5-E4A7-40C9-80AC-866D7ED27B30}.Release|x64.Build.0 = Release|x64
		{866EB7F5-E4A7-40C9-80AC-866D7ED27B30}.Release|x86.ActiveCfg = Release|Win32
		{866EB7F5-E4A7-40C9-80AC-866D7ED27B30}.Release|x86.Build.0 = Release|Win32
		{46EADB0F-C9B4-45F7-BFD6-10F9A241B7EA}.Debug|x64.ActiveCfg = Debug|x64
		{46EADB0F-C9B4-45F7-BFD6-10F9A241B7EA}.Debug|x64.Build.0 = Debug|x64
		{46EADB0F-C9B4-45F7-BFD6-10F9A241B7EA}.Debug|x86.ActiveCfg = Debug|Win32
		{46EADB0F-C9B4-45F7-BFD6-10F9A241B7EA}.Debug|x86.Build.0 = Debug|Win32
		{46EADB0F-C9B4-45F7-BFD6-10F9A241B7EA}.Release|x64.ActiveCfg = Release|x64
		{46EADB0F-C9B4-45F7-BFD6-10F9A241B7EA}.Release|x64.Build.0 = Release|x64
		{46EADB0F-C9B4-45F7-BFD6-10F9A241B7EA}.Release|x86.ActiveCfg = Release|Win32
		{46EADB0F-C9B4-45F7-BFD6-10F9A241B7EA}.Release|x86.Build.0 = Release|Win32
		{6D96D60F-88C2-45FF-A800-97812D289300}.Debug|x64.ActiveCfg = Debug|x64
		{6D96D60F-88C2-45FF-A800-97812D289300}.Debug|x64.Build.0 = Debug|x64
		{6D96D60F-88C2-45FF-A800-97812D289300}.Debug|x86.ActiveCfg = Debug|Win32
		{6D96D60F-88C2-45FF-A800-97812D289300}.Debug|x86.Build.0 = Debug|Win32
		{6D96D60F-88C2-45FF-A800-97812D289300}.Release|x64.ActiveCfg = Release|x64
		{6D96D60F-88C2-45FF-A800-97812D289300}.Release|x64.Build.0 = Release|x64
		{6D96D60F-88C2-45FF-A800-97812D289300}.Release|x86.ActiveCfg = Release|Win32
		{6D96D60F-88C2-45FF-A800-97812D289300}.Release|x86.Build.0 = Release|Win32
		{C97A71CC-D1C4-4F68-869E-57EC271F2CAB}.Debug|x64.ActiveCfg = Debug|x64
		{C97A71CC-D1C4-4F68-869E-57EC271F2CAB}.Debug|x64.Build.0 = Debug|x64
		{C97A71CC-D1C4-4F68-869E-57EC271F2CAB}.Debug|x86.ActiveCfg = Debug|Win32
		{C97A71CC-D1C4-4F68-869E-57EC271F2CAB}.Debug|x86.Build.0 = Debug|Win32
		{C97A71CC-D1C4-4F68-869E-57EC271F2CAB}.Release|x64.ActiveCfg = Release|x64
		{C97A71CC-D1C4-4F68-869E-57EC271F2CAB}.Release|x64.Build.0 = Release|x64
		{C97A71CC-D1C4-4F68-869E-57EC271F2CAB}.Release|x86.ActiveCfg = Release|Win32
		{C97A71CC-D1C4-4F68-869E-57EC271F2CAB}.Release|x86.Build.0 = Release|Win32
		{B0E41361-2961-4182-A961-F9C606F7D493}.Debug|x64.ActiveCfg = Debug|x64
		{B0E41361-2961-4182-A961-F9C606F7D493}.Debug|x64.Build.0 = Debug|x64
		{B0E41361-2961-4182-A961-F9C606F7D493}.Debug|x86.ActiveCfg = Debug|Win32
		{B0E41361-2961-4182-A961-F9C606F7D493}.Debug|x86.Build.0 = Debug|Win32
		{B0E41361-2961-4182-A961-F9C606F7D493}.Release|x64.ActiveCfg = Release|x64
		{B0E41361-2961-4182-A961-F9C606F7D493}.Release|x64.Build.0 = Release|x64
		{B0E41361-2961-4182-A961-F9C606F7D493}.Release|x86.ActiveCfg = Release|Win32
		{B0E41361-2961-4182-A961-F9C606F7D493}.Release|x86.Build.0 = Release|Win32
		{2BF9CC5F-BFA6-4655-8B61-3BC461DE61DD}.Debug|x64.ActiveCfg = Debug|x64
		{2BF9CC5F-BFA6-4655-8B61-3BC461DE61DD}.Debug|x64.Build.0 = Debug|x64
		{2BF9CC5F-BFA6-4655-8B61-3BC461DE61DD}.Debug|x86.ActiveCfg = Debug|Win32
		{2BF9CC5F-BFA6-4655-8B61-3BC461DE61DD}.Debug|x86.Build.0 = Debug|Win32
		{2BF9CC5F-BFA6-4655-8B61-3BC461DE61DD}.Release|x64.ActiveCfg = Release|x64
		{2BF9CC5F-BFA6-4655-8B61-3BC461DE61DD}.Release|x64.Build.0 = Release|x64
		{2BF9CC5F-BFA6-4655-8B61-3BC461DE61DD}.Release|x86.ActiveCfg = Release|Win32
		{2BF9CC5F-BFA6-4655-8B61-3BC461DE61DD}.Release|x86.Build.0 = Release|Win32
		{C5A6F1EF-C081-4E82-923E-DADA6C714D00}.Debug|x64.ActiveCfg = Debug|x64
		{C5A6F1EF-C081-4E82-923E-DADA6C714D00}.Debug|x64.Build.0 = Debug|x64
		{C5A6F1EF-C081-4E82-923E-DADA6C714D00}.Debug|x86.ActiveCfg = Debug|Win32
		{C5A6F1EF-C081-4E82-923E-DADA6C714D00}.Debug|x86.Build.0 = Debug|Win32
		{C5A6F1EF-C081-4E82-923E-DADA6C714D00}.Release|x64.ActiveCfg = Release|x64
		{C5A6F1EF-C081-4E82-923E-DADA6C714D00}.Release|x64.Build.0 = Release|x64
		{C5A6F1EF-C081-4E82-923E-DADA6C714D00}.Release|x86.ActiveCfg = Release|Win32
		{C5A6F1EF-C081-4E82-923E-DADA6C714D00}.Release|x86.Build.0 = Release|Win32
		{A9AA4F59-5D18-4676-87B7-FF56D2AA0689}.Debug|x64.ActiveCfg = Debug|x64
		{A9AA4F59-5D18-4676-87B7-FF56D2AA0689}.Debug|x64.Build.0 = Debug|x64
		{A9AA4F59-5D18-4676-87B7-FF56D2AA0689}.Debug|x86.ActiveCfg = Debug|Win32
		{A9AA4F59-5D18-4676-87B7-FF56D2AA0689}.Debug|x86.Build.0 = Debug|Win32
		{A9AA4F59-5D18-4676-87B7-FF56D2AA0689}.Release|x64.ActiveCfg = Release|x64
		{A9AA4F59-5D18-4676-87B7-FF56D2AA0689}.Release|x64.Build.0 = Release|x64
		{A9AA4F59-5D18-4676-87B7-FF56D2AA0689}.Release|x86.ActiveCfg = Release|Win32
		{A9AA4F59-5D18-4676-87B7-FF56D2AA0689}.Release|x86.Build.0 = Release|Win32
		{C0E4BEC1-DFC5-4E08-AE80-837103D00C84}.Debug|x64.ActiveCfg = Debug|x64
		{C0E4BEC1-DFC5-4E08-AE80-837103D00C84}.Debug|x64.Build.0 = Debug|x64
		{C0E4BEC1-DFC5-4E08-AE80-837103D00C84}.Debug|x86.ActiveCfg = Debug|Win32
		{C0E4BEC1-DFC5-4E08-AE80-837103D00C84}.Debug|x86.Build.0 = Debug|Win32
		{C0E4BEC1-DFC5-4E08-AE80-837103D00C84}.Release|x64.ActiveCfg = Release|x64
		{C0E4BEC1-DFC5-4E08-AE80-837103D00C84}.Release|x64.Build.0 = Release|x64
		{C0E4BEC1-DFC5-4E08-AE80-837103D00C84}.Release|x86.ActiveCfg = Release|Win32
		{C0E4BEC1-DFC5-4E08-AE80-837103D00C84}.Release|x86.Build.0 = Release|Win32
		{1C36254A-EF51-4895-99B2-44BD095786FF}.Debug|x64.ActiveCfg = Debug|x64
		{1C36254A-EF51-4895-99B2-44BD095786FF}.Debug|x64.Build.0 = Debug|x64
		{1C36254A-EF51-4895-99B2-44BD095786FF}.Debug|x86.ActiveCfg = Debug|Win32
		{1C36254A-EF51-4895-99B2-44BD095786FF}.Debug|x86.Build.0 = Debug|Win32
		{1C36254A-EF51-4895-99B2-44BD095786FF}.Release|x64.ActiveCfg = Release|x64
		{1C36254A-EF51-4895-99B2-44BD095786FF}.Release|x64.Build.0 = Release|x64
		{1C36254A-EF51-4895-99B2-44BD095786FF}.Release|x86.ActiveCfg = Release|Win32
		{1C36254A-EF51-4895-99B2-44BD095786FF}.Release|x86.Build.0 = Release|Win32
	EndGlobalSection
	GlobalSection(SolutionProperties) = preSolution
		HideSolutionNode = FALSE
	EndGlobalSection
	GlobalSection(ExtensibilityGlobals) = postSolution
		SolutionGuid = {85E449C8-B061-4CDA-BD69-3F836974C508}
	EndGlobalSection
EndGlobal
