
Microsoft Visual Studio Solution File, Format Version 12.00
# Visual Studio 15
VisualStudioVersion = 15.0.27428.2005
MinimumVisualStudioVersion = 10.0.40219.1
Project("{8BC9CEB8-8B4A-11D0-8D11-00A0C91BC942}") = "01. IfGrade", "IfGrade\IfGrade.vcxproj", "{D781D917-EC8A-48A6-BABC-F148C6A32D51}"
EndProject
Project("{8BC9CEB8-8B4A-11D0-8D11-00A0C91BC942}") = "02. ElseOdd", "ElseOdd\ElseOdd.vcxproj", "{951FD6AD-2B0C-4246-9F98-D29C26141EC6}"
EndProject
Project("{8BC9CEB8-8B4A-11D0-8D11-00A0C91BC942}") = "03. SumOrMult", "SumOrMult\SumOrMult.vcxproj", "{ED244505-578E-4432-B05B-8CC52F6B1F5D}"
EndProject
Project("{8BC9CEB8-8B4A-11D0-8D11-00A0C91BC942}") = "04. NestedIf", "NestedIf\NestedIf.vcxproj", "{C87320FD-38AE-4533-B34B-9941D6671D8B}"
EndProject
Project("{8BC9CEB8-8B4A-11D0-8D11-00A0C91BC942}") = "05. ElseIfValid", "ElseIfValid\ElseIfValid.vcxproj", "{D15342C2-D27C-4921-A181-CF88CEC5216B}"
EndProject
Project("{8BC9CEB8-8B4A-11D0-8D11-00A0C91BC942}") = "06. SwitchOp", "SwitchOp\SwitchOp.vcxproj", "{F48E70EF-F2D1-4BE9-93CC-718A1C88A8B4}"
EndProject
Project("{8BC9CEB8-8B4A-11D0-8D11-00A0C91BC942}") = "07. SwitchMonth", "SwitchMonth\SwitchMonth.vcxproj", "{2BB943C0-4835-4854-B999-0495D39C0678}"
EndProject
Project("{8BC9CEB8-8B4A-11D0-8D11-00A0C91BC942}") = "08. Gugudan", "Gugudan\Gugudan.vcxproj", "{266E6FF3-3BE8-495C-912A-EB4A163C3FF4}"
EndProject
Project("{8BC9CEB8-8B4A-11D0-8D11-00A0C91BC942}") = "09. TriPrint", "TriPrint\TriPrint.vcxproj", "{ABCC9B83-FF24-42C3-8CFA-5CB2F26C4BC5}"
EndProject
Project("{8BC9CEB8-8B4A-11D0-8D11-00A0C91BC942}") = "10. WhileMult", "WhileMult\WhileMult.vcxproj", "{073FF6D1-01B8-4C5B-99EB-FA9FA66E2261}"
EndProject
Project("{8BC9CEB8-8B4A-11D0-8D11-00A0C91BC942}") = "11. DowhileReverse", "DowhileReverse\DowhileReverse.vcxproj", "{F69A6162-DF43-45A2-9585-6E144931D642}"
EndProject
Project("{8BC9CEB8-8B4A-11D0-8D11-00A0C91BC942}") = "12. Dowhilefood1", "Dowhilefood\Dowhilefood.vcxproj", "{7DAEEE45-32C6-4136-A4AD-EACCF8615410}"
EndProject
Project("{8BC9CEB8-8B4A-11D0-8D11-00A0C91BC942}") = "13. Dowhilefood2", "Dowhilefood2\Dowhilefood2.vcxproj", "{E6E2F621-6460-4C05-A7E0-B5EEE8116582}"
EndProject
Project("{8BC9CEB8-8B4A-11D0-8D11-00A0C91BC942}") = "15. BreakContinue", "BreakContinue\BreakContinue.vcxproj", "{D3364431-31A6-4AB9-8CB1-29091148B70F}"
EndProject
Project("{8BC9CEB8-8B4A-11D0-8D11-00A0C91BC942}") = "16. PrimeNumber", "PrimeNumber\PrimeNumber.vcxproj", "{216432A1-3065-414E-B030-B5A28F91AF09}"
EndProject
Project("{8BC9CEB8-8B4A-11D0-8D11-00A0C91BC942}") = "14. Goto1", "Goto1\Goto1.vcxproj", "{8BB41D18-9B66-4E4F-B51E-3024F8A5C2CC}"
EndProject
Project("{8BC9CEB8-8B4A-11D0-8D11-00A0C91BC942}") = "14. Goto2", "Goto2\Goto2.vcxproj", "{82DF9F70-0D68-4E2F-B60F-9C6F607B6A5D}"
EndProject
Global
	GlobalSection(SolutionConfigurationPlatforms) = preSolution
		Debug|x64 = Debug|x64
		Debug|x86 = Debug|x86
		Release|x64 = Release|x64
		Release|x86 = Release|x86
	EndGlobalSection
	GlobalSection(ProjectConfigurationPlatforms) = postSolution
		{D781D917-EC8A-48A6-BABC-F148C6A32D51}.Debug|x64.ActiveCfg = Debug|x64
		{D781D917-EC8A-48A6-BABC-F148C6A32D51}.Debug|x64.Build.0 = Debug|x64
		{D781D917-EC8A-48A6-BABC-F148C6A32D51}.Debug|x86.ActiveCfg = Debug|Win32
		{D781D917-EC8A-48A6-BABC-F148C6A32D51}.Debug|x86.Build.0 = Debug|Win32
		{D781D917-EC8A-48A6-BABC-F148C6A32D51}.Release|x64.ActiveCfg = Release|x64
		{D781D917-EC8A-48A6-BABC-F148C6A32D51}.Release|x64.Build.0 = Release|x64
		{D781D917-EC8A-48A6-BABC-F148C6A32D51}.Release|x86.ActiveCfg = Release|Win32
		{D781D917-EC8A-48A6-BABC-F148C6A32D51}.Release|x86.Build.0 = Release|Win32
		{951FD6AD-2B0C-4246-9F98-D29C26141EC6}.Debug|x64.ActiveCfg = Debug|x64
		{951FD6AD-2B0C-4246-9F98-D29C26141EC6}.Debug|x64.Build.0 = Debug|x64
		{951FD6AD-2B0C-4246-9F98-D29C26141EC6}.Debug|x86.ActiveCfg = Debug|Win32
		{951FD6AD-2B0C-4246-9F98-D29C26141EC6}.Debug|x86.Build.0 = Debug|Win32
		{951FD6AD-2B0C-4246-9F98-D29C26141EC6}.Release|x64.ActiveCfg = Release|x64
		{951FD6AD-2B0C-4246-9F98-D29C26141EC6}.Release|x64.Build.0 = Release|x64
		{951FD6AD-2B0C-4246-9F98-D29C26141EC6}.Release|x86.ActiveCfg = Release|Win32
		{951FD6AD-2B0C-4246-9F98-D29C26141EC6}.Release|x86.Build.0 = Release|Win32
		{ED244505-578E-4432-B05B-8CC52F6B1F5D}.Debug|x64.ActiveCfg = Debug|x64
		{ED244505-578E-4432-B05B-8CC52F6B1F5D}.Debug|x64.Build.0 = Debug|x64
		{ED244505-578E-4432-B05B-8CC52F6B1F5D}.Debug|x86.ActiveCfg = Debug|Win32
		{ED244505-578E-4432-B05B-8CC52F6B1F5D}.Debug|x86.Build.0 = Debug|Win32
		{ED244505-578E-4432-B05B-8CC52F6B1F5D}.Release|x64.ActiveCfg = Release|x64
		{ED244505-578E-4432-B05B-8CC52F6B1F5D}.Release|x64.Build.0 = Release|x64
		{ED244505-578E-4432-B05B-8CC52F6B1F5D}.Release|x86.ActiveCfg = Release|Win32
		{ED244505-578E-4432-B05B-8CC52F6B1F5D}.Release|x86.Build.0 = Release|Win32
		{C87320FD-38AE-4533-B34B-9941D6671D8B}.Debug|x64.ActiveCfg = Debug|x64
		{C87320FD-38AE-4533-B34B-9941D6671D8B}.Debug|x64.Build.0 = Debug|x64
		{C87320FD-38AE-4533-B34B-9941D6671D8B}.Debug|x86.ActiveCfg = Debug|Win32
		{C87320FD-38AE-4533-B34B-9941D6671D8B}.Debug|x86.Build.0 = Debug|Win32
		{C87320FD-38AE-4533-B34B-9941D6671D8B}.Release|x64.ActiveCfg = Release|x64
		{C87320FD-38AE-4533-B34B-9941D6671D8B}.Release|x64.Build.0 = Release|x64
		{C87320FD-38AE-4533-B34B-9941D6671D8B}.Release|x86.ActiveCfg = Release|Win32
		{C87320FD-38AE-4533-B34B-9941D6671D8B}.Release|x86.Build.0 = Release|Win32
		{D15342C2-D27C-4921-A181-CF88CEC5216B}.Debug|x64.ActiveCfg = Debug|x64
		{D15342C2-D27C-4921-A181-CF88CEC5216B}.Debug|x64.Build.0 = Debug|x64
		{D15342C2-D27C-4921-A181-CF88CEC5216B}.Debug|x86.ActiveCfg = Debug|Win32
		{D15342C2-D27C-4921-A181-CF88CEC5216B}.Debug|x86.Build.0 = Debug|Win32
		{D15342C2-D27C-4921-A181-CF88CEC5216B}.Release|x64.ActiveCfg = Release|x64
		{D15342C2-D27C-4921-A181-CF88CEC5216B}.Release|x64.Build.0 = Release|x64
		{D15342C2-D27C-4921-A181-CF88CEC5216B}.Release|x86.ActiveCfg = Release|Win32
		{D15342C2-D27C-4921-A181-CF88CEC5216B}.Release|x86.Build.0 = Release|Win32
		{F48E70EF-F2D1-4BE9-93CC-718A1C88A8B4}.Debug|x64.ActiveCfg = Debug|x64
		{F48E70EF-F2D1-4BE9-93CC-718A1C88A8B4}.Debug|x64.Build.0 = Debug|x64
		{F48E70EF-F2D1-4BE9-93CC-718A1C88A8B4}.Debug|x86.ActiveCfg = Debug|Win32
		{F48E70EF-F2D1-4BE9-93CC-718A1C88A8B4}.Debug|x86.Build.0 = Debug|Win32
		{F48E70EF-F2D1-4BE9-93CC-718A1C88A8B4}.Release|x64.ActiveCfg = Release|x64
		{F48E70EF-F2D1-4BE9-93CC-718A1C88A8B4}.Release|x64.Build.0 = Release|x64
		{F48E70EF-F2D1-4BE9-93CC-718A1C88A8B4}.Release|x86.ActiveCfg = Release|Win32
		{F48E70EF-F2D1-4BE9-93CC-718A1C88A8B4}.Release|x86.Build.0 = Release|Win32
		{2BB943C0-4835-4854-B999-0495D39C0678}.Debug|x64.ActiveCfg = Debug|x64
		{2BB943C0-4835-4854-B999-0495D39C0678}.Debug|x64.Build.0 = Debug|x64
		{2BB943C0-4835-4854-B999-0495D39C0678}.Debug|x86.ActiveCfg = Debug|Win32
		{2BB943C0-4835-4854-B999-0495D39C0678}.Debug|x86.Build.0 = Debug|Win32
		{2BB943C0-4835-4854-B999-0495D39C0678}.Release|x64.ActiveCfg = Release|x64
		{2BB943C0-4835-4854-B999-0495D39C0678}.Release|x64.Build.0 = Release|x64
		{2BB943C0-4835-4854-B999-0495D39C0678}.Release|x86.ActiveCfg = Release|Win32
		{2BB943C0-4835-4854-B999-0495D39C0678}.Release|x86.Build.0 = Release|Win32
		{266E6FF3-3BE8-495C-912A-EB4A163C3FF4}.Debug|x64.ActiveCfg = Debug|x64
		{266E6FF3-3BE8-495C-912A-EB4A163C3FF4}.Debug|x64.Build.0 = Debug|x64
		{266E6FF3-3BE8-495C-912A-EB4A163C3FF4}.Debug|x86.ActiveCfg = Debug|Win32
		{266E6FF3-3BE8-495C-912A-EB4A163C3FF4}.Debug|x86.Build.0 = Debug|Win32
		{266E6FF3-3BE8-495C-912A-EB4A163C3FF4}.Release|x64.ActiveCfg = Release|x64
		{266E6FF3-3BE8-495C-912A-EB4A163C3FF4}.Release|x64.Build.0 = Release|x64
		{266E6FF3-3BE8-495C-912A-EB4A163C3FF4}.Release|x86.ActiveCfg = Release|Win32
		{266E6FF3-3BE8-495C-912A-EB4A163C3FF4}.Release|x86.Build.0 = Release|Win32
		{ABCC9B83-FF24-42C3-8CFA-5CB2F26C4BC5}.Debug|x64.ActiveCfg = Debug|x64
		{ABCC9B83-FF24-42C3-8CFA-5CB2F26C4BC5}.Debug|x64.Build.0 = Debug|x64
		{ABCC9B83-FF24-42C3-8CFA-5CB2F26C4BC5}.Debug|x86.ActiveCfg = Debug|Win32
		{ABCC9B83-FF24-42C3-8CFA-5CB2F26C4BC5}.Debug|x86.Build.0 = Debug|Win32
		{ABCC9B83-FF24-42C3-8CFA-5CB2F26C4BC5}.Release|x64.ActiveCfg = Release|x64
		{ABCC9B83-FF24-42C3-8CFA-5CB2F26C4BC5}.Release|x64.Build.0 = Release|x64
		{ABCC9B83-FF24-42C3-8CFA-5CB2F26C4BC5}.Release|x86.ActiveCfg = Release|Win32
		{ABCC9B83-FF24-42C3-8CFA-5CB2F26C4BC5}.Release|x86.Build.0 = Release|Win32
		{073FF6D1-01B8-4C5B-99EB-FA9FA66E2261}.Debug|x64.ActiveCfg = Debug|x64
		{073FF6D1-01B8-4C5B-99EB-FA9FA66E2261}.Debug|x64.Build.0 = Debug|x64
		{073FF6D1-01B8-4C5B-99EB-FA9FA66E2261}.Debug|x86.ActiveCfg = Debug|Win32
		{073FF6D1-01B8-4C5B-99EB-FA9FA66E2261}.Debug|x86.Build.0 = Debug|Win32
		{073FF6D1-01B8-4C5B-99EB-FA9FA66E2261}.Release|x64.ActiveCfg = Release|x64
		{073FF6D1-01B8-4C5B-99EB-FA9FA66E2261}.Release|x64.Build.0 = Release|x64
		{073FF6D1-01B8-4C5B-99EB-FA9FA66E2261}.Release|x86.ActiveCfg = Release|Win32
		{073FF6D1-01B8-4C5B-99EB-FA9FA66E2261}.Release|x86.Build.0 = Release|Win32
		{F69A6162-DF43-45A2-9585-6E144931D642}.Debug|x64.ActiveCfg = Debug|x64
		{F69A6162-DF43-45A2-9585-6E144931D642}.Debug|x64.Build.0 = Debug|x64
		{F69A6162-DF43-45A2-9585-6E144931D642}.Debug|x86.ActiveCfg = Debug|Win32
		{F69A6162-DF43-45A2-9585-6E144931D642}.Debug|x86.Build.0 = Debug|Win32
		{F69A6162-DF43-45A2-9585-6E144931D642}.Release|x64.ActiveCfg = Release|x64
		{F69A6162-DF43-45A2-9585-6E144931D642}.Release|x64.Build.0 = Release|x64
		{F69A6162-DF43-45A2-9585-6E144931D642}.Release|x86.ActiveCfg = Release|Win32
		{F69A6162-DF43-45A2-9585-6E144931D642}.Release|x86.Build.0 = Release|Win32
		{7DAEEE45-32C6-4136-A4AD-EACCF8615410}.Debug|x64.ActiveCfg = Debug|x64
		{7DAEEE45-32C6-4136-A4AD-EACCF8615410}.Debug|x64.Build.0 = Debug|x64
		{7DAEEE45-32C6-4136-A4AD-EACCF8615410}.Debug|x86.ActiveCfg = Debug|Win32
		{7DAEEE45-32C6-4136-A4AD-EACCF8615410}.Debug|x86.Build.0 = Debug|Win32
		{7DAEEE45-32C6-4136-A4AD-EACCF8615410}.Release|x64.ActiveCfg = Release|x64
		{7DAEEE45-32C6-4136-A4AD-EACCF8615410}.Release|x64.Build.0 = Release|x64
		{7DAEEE45-32C6-4136-A4AD-EACCF8615410}.Release|x86.ActiveCfg = Release|Win32
		{7DAEEE45-32C6-4136-A4AD-EACCF8615410}.Release|x86.Build.0 = Release|Win32
		{E6E2F621-6460-4C05-A7E0-B5EEE8116582}.Debug|x64.ActiveCfg = Debug|x64
		{E6E2F621-6460-4C05-A7E0-B5EEE8116582}.Debug|x64.Build.0 = Debug|x64
		{E6E2F621-6460-4C05-A7E0-B5EEE8116582}.Debug|x86.ActiveCfg = Debug|Win32
		{E6E2F621-6460-4C05-A7E0-B5EEE8116582}.Debug|x86.Build.0 = Debug|Win32
		{E6E2F621-6460-4C05-A7E0-B5EEE8116582}.Release|x64.ActiveCfg = Release|x64
		{E6E2F621-6460-4C05-A7E0-B5EEE8116582}.Release|x64.Build.0 = Release|x64
		{E6E2F621-6460-4C05-A7E0-B5EEE8116582}.Release|x86.ActiveCfg = Release|Win32
		{E6E2F621-6460-4C05-A7E0-B5EEE8116582}.Release|x86.Build.0 = Release|Win32
		{D3364431-31A6-4AB9-8CB1-29091148B70F}.Debug|x64.ActiveCfg = Debug|x64
		{D3364431-31A6-4AB9-8CB1-29091148B70F}.Debug|x64.Build.0 = Debug|x64
		{D3364431-31A6-4AB9-8CB1-29091148B70F}.Debug|x86.ActiveCfg = Debug|Win32
		{D3364431-31A6-4AB9-8CB1-29091148B70F}.Debug|x86.Build.0 = Debug|Win32
		{D3364431-31A6-4AB9-8CB1-29091148B70F}.Release|x64.ActiveCfg = Release|x64
		{D3364431-31A6-4AB9-8CB1-29091148B70F}.Release|x64.Build.0 = Release|x64
		{D3364431-31A6-4AB9-8CB1-29091148B70F}.Release|x86.ActiveCfg = Release|Win32
		{D3364431-31A6-4AB9-8CB1-29091148B70F}.Release|x86.Build.0 = Release|Win32
		{216432A1-3065-414E-B030-B5A28F91AF09}.Debug|x64.ActiveCfg = Debug|x64
		{216432A1-3065-414E-B030-B5A28F91AF09}.Debug|x64.Build.0 = Debug|x64
		{216432A1-3065-414E-B030-B5A28F91AF09}.Debug|x86.ActiveCfg = Debug|Win32
		{216432A1-3065-414E-B030-B5A28F91AF09}.Debug|x86.Build.0 = Debug|Win32
		{216432A1-3065-414E-B030-B5A28F91AF09}.Release|x64.ActiveCfg = Release|x64
		{216432A1-3065-414E-B030-B5A28F91AF09}.Release|x64.Build.0 = Release|x64
		{216432A1-3065-414E-B030-B5A28F91AF09}.Release|x86.ActiveCfg = Release|Win32
		{216432A1-3065-414E-B030-B5A28F91AF09}.Release|x86.Build.0 = Release|Win32
		{8BB41D18-9B66-4E4F-B51E-3024F8A5C2CC}.Debug|x64.ActiveCfg = Debug|x64
		{8BB41D18-9B66-4E4F-B51E-3024F8A5C2CC}.Debug|x64.Build.0 = Debug|x64
		{8BB41D18-9B66-4E4F-B51E-3024F8A5C2CC}.Debug|x86.ActiveCfg = Debug|Win32
		{8BB41D18-9B66-4E4F-B51E-3024F8A5C2CC}.Debug|x86.Build.0 = Debug|Win32
		{8BB41D18-9B66-4E4F-B51E-3024F8A5C2CC}.Release|x64.ActiveCfg = Release|x64
		{8BB41D18-9B66-4E4F-B51E-3024F8A5C2CC}.Release|x64.Build.0 = Release|x64
		{8BB41D18-9B66-4E4F-B51E-3024F8A5C2CC}.Release|x86.ActiveCfg = Release|Win32
		{8BB41D18-9B66-4E4F-B51E-3024F8A5C2CC}.Release|x86.Build.0 = Release|Win32
		{82DF9F70-0D68-4E2F-B60F-9C6F607B6A5D}.Debug|x64.ActiveCfg = Debug|x64
		{82DF9F70-0D68-4E2F-B60F-9C6F607B6A5D}.Debug|x64.Build.0 = Debug|x64
		{82DF9F70-0D68-4E2F-B60F-9C6F607B6A5D}.Debug|x86.ActiveCfg = Debug|Win32
		{82DF9F70-0D68-4E2F-B60F-9C6F607B6A5D}.Debug|x86.Build.0 = Debug|Win32
		{82DF9F70-0D68-4E2F-B60F-9C6F607B6A5D}.Release|x64.ActiveCfg = Release|x64
		{82DF9F70-0D68-4E2F-B60F-9C6F607B6A5D}.Release|x64.Build.0 = Release|x64
		{82DF9F70-0D68-4E2F-B60F-9C6F607B6A5D}.Release|x86.ActiveCfg = Release|Win32
		{82DF9F70-0D68-4E2F-B60F-9C6F607B6A5D}.Release|x86.Build.0 = Release|Win32
	EndGlobalSection
	GlobalSection(SolutionProperties) = preSolution
		HideSolutionNode = FALSE
	EndGlobalSection
	GlobalSection(ExtensibilityGlobals) = postSolution
		SolutionGuid = {CDA9BC84-B716-47AA-A147-1A03BDC7309D}
	EndGlobalSection
EndGlobal
