
Microsoft Visual Studio Solution File, Format Version 12.00
# Visual Studio 14
VisualStudioVersion = 14.0.24720.0
MinimumVisualStudioVersion = 10.0.40219.1
Project("{8BC9CEB8-8B4A-11D0-8D11-00A0C91BC942}") = "02. CalcArithmetic", "CalcArithmetic\CalcArithmetic.vcxproj", "{AC2FB95A-45F9-4583-8A1D-402192C8CC35}"
EndProject
Project("{8BC9CEB8-8B4A-11D0-8D11-00A0C91BC942}") = "03. IsPlusDigit", "IsPlusDigit\IsPlusDigit.vcxproj", "{F8CAC527-9F68-47D9-B836-7B973583C69A}"
EndProject
Project("{8BC9CEB8-8B4A-11D0-8D11-00A0C91BC942}") = "04. BasicIncrement", "BasicIncrement\BasicIncrement.vcxproj", "{9CD166CA-B45C-4A80-BA3F-50EF198F8F9F}"
EndProject
Project("{8BC9CEB8-8B4A-11D0-8D11-00A0C91BC942}") = "05. Logic", "Logic\Logic.vcxproj", "{270BB95F-3344-4344-98C2-2B14FCCAB8FA}"
EndProject
Project("{8BC9CEB8-8B4A-11D0-8D11-00A0C91BC942}") = "06. ShortCircuit", "ShortCircuit\ShortCircuit.vcxproj", "{2C7B74B7-1139-4AF4-B13B-F24C374D08ED}"
EndProject
Project("{8BC9CEB8-8B4A-11D0-8D11-00A0C91BC942}") = "07. MaxMin", "MaxMin\MaxMin.vcxproj", "{168AD550-2BA8-4BA3-9745-8C5597CD4AAB}"
EndProject
Project("{8BC9CEB8-8B4A-11D0-8D11-00A0C91BC942}") = "08. BitLogic", "BitLogic\BitLogic.vcxproj", "{38E21263-6EDA-4B39-A981-AD839A5541FE}"
EndProject
Project("{8BC9CEB8-8B4A-11D0-8D11-00A0C91BC942}") = "09. Shift", "Shift\Shift.vcxproj", "{91277A0A-0FE5-4F16-BBC4-92CA367879B5}"
EndProject
Project("{8BC9CEB8-8B4A-11D0-8D11-00A0C91BC942}") = "10. BitMask", "BitMask\BitMask.vcxproj", "{73925298-B40B-40CC-AA0B-88651F1678D3}"
EndProject
Project("{8BC9CEB8-8B4A-11D0-8D11-00A0C91BC942}") = "11. Sizeof", "Sizeof\Sizeof.vcxproj", "{BE72FCA4-7C0C-4BBD-87C4-603E2D65889B}"
EndProject
Project("{8BC9CEB8-8B4A-11D0-8D11-00A0C91BC942}") = "12. Cast", "Cast\Cast.vcxproj", "{47F9BFC9-7822-435E-ABE6-445E861405D3}"
EndProject
Project("{8BC9CEB8-8B4A-11D0-8D11-00A0C91BC942}") = "13. ShortAssign", "ShortAssign\ShortAssign.vcxproj", "{7BF83F99-6B1A-4347-BC75-B69EEBCD6CBA}"
EndProject
Project("{8BC9CEB8-8B4A-11D0-8D11-00A0C91BC942}") = "14. Priority", "Priority\Priority.vcxproj", "{20C78686-DFD7-4E5D-8261-AB943A409946}"
EndProject
Project("{8BC9CEB8-8B4A-11D0-8D11-00A0C91BC942}") = "15. AsciiBinary", "AsciiBinary\AsciiBinary.vcxproj", "{90FCE636-3860-4CE5-82E2-724DD573BFED}"
EndProject
Project("{8BC9CEB8-8B4A-11D0-8D11-00A0C91BC942}") = "01. Assign", "Assign\Assign.vcxproj", "{E5E4635F-C162-483C-8964-88BE34970CCD}"
EndProject
Global
	GlobalSection(SolutionConfigurationPlatforms) = preSolution
		Debug|x64 = Debug|x64
		Debug|x86 = Debug|x86
		Release|x64 = Release|x64
		Release|x86 = Release|x86
	EndGlobalSection
	GlobalSection(ProjectConfigurationPlatforms) = postSolution
		{AC2FB95A-45F9-4583-8A1D-402192C8CC35}.Debug|x64.ActiveCfg = Debug|x64
		{AC2FB95A-45F9-4583-8A1D-402192C8CC35}.Debug|x64.Build.0 = Debug|x64
		{AC2FB95A-45F9-4583-8A1D-402192C8CC35}.Debug|x86.ActiveCfg = Debug|Win32
		{AC2FB95A-45F9-4583-8A1D-402192C8CC35}.Debug|x86.Build.0 = Debug|Win32
		{AC2FB95A-45F9-4583-8A1D-402192C8CC35}.Release|x64.ActiveCfg = Release|x64
		{AC2FB95A-45F9-4583-8A1D-402192C8CC35}.Release|x64.Build.0 = Release|x64
		{AC2FB95A-45F9-4583-8A1D-402192C8CC35}.Release|x86.ActiveCfg = Release|Win32
		{AC2FB95A-45F9-4583-8A1D-402192C8CC35}.Release|x86.Build.0 = Release|Win32
		{F8CAC527-9F68-47D9-B836-7B973583C69A}.Debug|x64.ActiveCfg = Debug|x64
		{F8CAC527-9F68-47D9-B836-7B973583C69A}.Debug|x64.Build.0 = Debug|x64
		{F8CAC527-9F68-47D9-B836-7B973583C69A}.Debug|x86.ActiveCfg = Debug|Win32
		{F8CAC527-9F68-47D9-B836-7B973583C69A}.Debug|x86.Build.0 = Debug|Win32
		{F8CAC527-9F68-47D9-B836-7B973583C69A}.Release|x64.ActiveCfg = Release|x64
		{F8CAC527-9F68-47D9-B836-7B973583C69A}.Release|x64.Build.0 = Release|x64
		{F8CAC527-9F68-47D9-B836-7B973583C69A}.Release|x86.ActiveCfg = Release|Win32
		{F8CAC527-9F68-47D9-B836-7B973583C69A}.Release|x86.Build.0 = Release|Win32
		{9CD166CA-B45C-4A80-BA3F-50EF198F8F9F}.Debug|x64.ActiveCfg = Debug|x64
		{9CD166CA-B45C-4A80-BA3F-50EF198F8F9F}.Debug|x64.Build.0 = Debug|x64
		{9CD166CA-B45C-4A80-BA3F-50EF198F8F9F}.Debug|x86.ActiveCfg = Debug|Win32
		{9CD166CA-B45C-4A80-BA3F-50EF198F8F9F}.Debug|x86.Build.0 = Debug|Win32
		{9CD166CA-B45C-4A80-BA3F-50EF198F8F9F}.Release|x64.ActiveCfg = Release|x64
		{9CD166CA-B45C-4A80-BA3F-50EF198F8F9F}.Release|x64.Build.0 = Release|x64
		{9CD166CA-B45C-4A80-BA3F-50EF198F8F9F}.Release|x86.ActiveCfg = Release|Win32
		{9CD166CA-B45C-4A80-BA3F-50EF198F8F9F}.Release|x86.Build.0 = Release|Win32
		{270BB95F-3344-4344-98C2-2B14FCCAB8FA}.Debug|x64.ActiveCfg = Debug|x64
		{270BB95F-3344-4344-98C2-2B14FCCAB8FA}.Debug|x64.Build.0 = Debug|x64
		{270BB95F-3344-4344-98C2-2B14FCCAB8FA}.Debug|x86.ActiveCfg = Debug|Win32
		{270BB95F-3344-4344-98C2-2B14FCCAB8FA}.Debug|x86.Build.0 = Debug|Win32
		{270BB95F-3344-4344-98C2-2B14FCCAB8FA}.Release|x64.ActiveCfg = Release|x64
		{270BB95F-3344-4344-98C2-2B14FCCAB8FA}.Release|x64.Build.0 = Release|x64
		{270BB95F-3344-4344-98C2-2B14FCCAB8FA}.Release|x86.ActiveCfg = Release|Win32
		{270BB95F-3344-4344-98C2-2B14FCCAB8FA}.Release|x86.Build.0 = Release|Win32
		{2C7B74B7-1139-4AF4-B13B-F24C374D08ED}.Debug|x64.ActiveCfg = Debug|x64
		{2C7B74B7-1139-4AF4-B13B-F24C374D08ED}.Debug|x64.Build.0 = Debug|x64
		{2C7B74B7-1139-4AF4-B13B-F24C374D08ED}.Debug|x86.ActiveCfg = Debug|Win32
		{2C7B74B7-1139-4AF4-B13B-F24C374D08ED}.Debug|x86.Build.0 = Debug|Win32
		{2C7B74B7-1139-4AF4-B13B-F24C374D08ED}.Release|x64.ActiveCfg = Release|x64
		{2C7B74B7-1139-4AF4-B13B-F24C374D08ED}.Release|x64.Build.0 = Release|x64
		{2C7B74B7-1139-4AF4-B13B-F24C374D08ED}.Release|x86.ActiveCfg = Release|Win32
		{2C7B74B7-1139-4AF4-B13B-F24C374D08ED}.Release|x86.Build.0 = Release|Win32
		{168AD550-2BA8-4BA3-9745-8C5597CD4AAB}.Debug|x64.ActiveCfg = Debug|x64
		{168AD550-2BA8-4BA3-9745-8C5597CD4AAB}.Debug|x64.Build.0 = Debug|x64
		{168AD550-2BA8-4BA3-9745-8C5597CD4AAB}.Debug|x86.ActiveCfg = Debug|Win32
		{168AD550-2BA8-4BA3-9745-8C5597CD4AAB}.Debug|x86.Build.0 = Debug|Win32
		{168AD550-2BA8-4BA3-9745-8C5597CD4AAB}.Release|x64.ActiveCfg = Release|x64
		{168AD550-2BA8-4BA3-9745-8C5597CD4AAB}.Release|x64.Build.0 = Release|x64
		{168AD550-2BA8-4BA3-9745-8C5597CD4AAB}.Release|x86.ActiveCfg = Release|Win32
		{168AD550-2BA8-4BA3-9745-8C5597CD4AAB}.Release|x86.Build.0 = Release|Win32
		{38E21263-6EDA-4B39-A981-AD839A5541FE}.Debug|x64.ActiveCfg = Debug|x64
		{38E21263-6EDA-4B39-A981-AD839A5541FE}.Debug|x64.Build.0 = Debug|x64
		{38E21263-6EDA-4B39-A981-AD839A5541FE}.Debug|x86.ActiveCfg = Debug|Win32
		{38E21263-6EDA-4B39-A981-AD839A5541FE}.Debug|x86.Build.0 = Debug|Win32
		{38E21263-6EDA-4B39-A981-AD839A5541FE}.Release|x64.ActiveCfg = Release|x64
		{38E21263-6EDA-4B39-A981-AD839A5541FE}.Release|x64.Build.0 = Release|x64
		{38E21263-6EDA-4B39-A981-AD839A5541FE}.Release|x86.ActiveCfg = Release|Win32
		{38E21263-6EDA-4B39-A981-AD839A5541FE}.Release|x86.Build.0 = Release|Win32
		{91277A0A-0FE5-4F16-BBC4-92CA367879B5}.Debug|x64.ActiveCfg = Debug|x64
		{91277A0A-0FE5-4F16-BBC4-92CA367879B5}.Debug|x64.Build.0 = Debug|x64
		{91277A0A-0FE5-4F16-BBC4-92CA367879B5}.Debug|x86.ActiveCfg = Debug|Win32
		{91277A0A-0FE5-4F16-BBC4-92CA367879B5}.Debug|x86.Build.0 = Debug|Win32
		{91277A0A-0FE5-4F16-BBC4-92CA367879B5}.Release|x64.ActiveCfg = Release|x64
		{91277A0A-0FE5-4F16-BBC4-92CA367879B5}.Release|x64.Build.0 = Release|x64
		{91277A0A-0FE5-4F16-BBC4-92CA367879B5}.Release|x86.ActiveCfg = Release|Win32
		{91277A0A-0FE5-4F16-BBC4-92CA367879B5}.Release|x86.Build.0 = Release|Win32
		{73925298-B40B-40CC-AA0B-88651F1678D3}.Debug|x64.ActiveCfg = Debug|x64
		{73925298-B40B-40CC-AA0B-88651F1678D3}.Debug|x64.Build.0 = Debug|x64
		{73925298-B40B-40CC-AA0B-88651F1678D3}.Debug|x86.ActiveCfg = Debug|Win32
		{73925298-B40B-40CC-AA0B-88651F1678D3}.Debug|x86.Build.0 = Debug|Win32
		{73925298-B40B-40CC-AA0B-88651F1678D3}.Release|x64.ActiveCfg = Release|x64
		{73925298-B40B-40CC-AA0B-88651F1678D3}.Release|x64.Build.0 = Release|x64
		{73925298-B40B-40CC-AA0B-88651F1678D3}.Release|x86.ActiveCfg = Release|Win32
		{73925298-B40B-40CC-AA0B-88651F1678D3}.Release|x86.Build.0 = Release|Win32
		{BE72FCA4-7C0C-4BBD-87C4-603E2D65889B}.Debug|x64.ActiveCfg = Debug|x64
		{BE72FCA4-7C0C-4BBD-87C4-603E2D65889B}.Debug|x64.Build.0 = Debug|x64
		{BE72FCA4-7C0C-4BBD-87C4-603E2D65889B}.Debug|x86.ActiveCfg = Debug|Win32
		{BE72FCA4-7C0C-4BBD-87C4-603E2D65889B}.Debug|x86.Build.0 = Debug|Win32
		{BE72FCA4-7C0C-4BBD-87C4-603E2D65889B}.Release|x64.ActiveCfg = Release|x64
		{BE72FCA4-7C0C-4BBD-87C4-603E2D65889B}.Release|x64.Build.0 = Release|x64
		{BE72FCA4-7C0C-4BBD-87C4-603E2D65889B}.Release|x86.ActiveCfg = Release|Win32
		{BE72FCA4-7C0C-4BBD-87C4-603E2D65889B}.Release|x86.Build.0 = Release|Win32
		{47F9BFC9-7822-435E-ABE6-445E861405D3}.Debug|x64.ActiveCfg = Debug|x64
		{47F9BFC9-7822-435E-ABE6-445E861405D3}.Debug|x64.Build.0 = Debug|x64
		{47F9BFC9-7822-435E-ABE6-445E861405D3}.Debug|x86.ActiveCfg = Debug|Win32
		{47F9BFC9-7822-435E-ABE6-445E861405D3}.Debug|x86.Build.0 = Debug|Win32
		{47F9BFC9-7822-435E-ABE6-445E861405D3}.Release|x64.ActiveCfg = Release|x64
		{47F9BFC9-7822-435E-ABE6-445E861405D3}.Release|x64.Build.0 = Release|x64
		{47F9BFC9-7822-435E-ABE6-445E861405D3}.Release|x86.ActiveCfg = Release|Win32
		{47F9BFC9-7822-435E-ABE6-445E861405D3}.Release|x86.Build.0 = Release|Win32
		{7BF83F99-6B1A-4347-BC75-B69EEBCD6CBA}.Debug|x64.ActiveCfg = Debug|x64
		{7BF83F99-6B1A-4347-BC75-B69EEBCD6CBA}.Debug|x64.Build.0 = Debug|x64
		{7BF83F99-6B1A-4347-BC75-B69EEBCD6CBA}.Debug|x86.ActiveCfg = Debug|Win32
		{7BF83F99-6B1A-4347-BC75-B69EEBCD6CBA}.Debug|x86.Build.0 = Debug|Win32
		{7BF83F99-6B1A-4347-BC75-B69EEBCD6CBA}.Release|x64.ActiveCfg = Release|x64
		{7BF83F99-6B1A-4347-BC75-B69EEBCD6CBA}.Release|x64.Build.0 = Release|x64
		{7BF83F99-6B1A-4347-BC75-B69EEBCD6CBA}.Release|x86.ActiveCfg = Release|Win32
		{7BF83F99-6B1A-4347-BC75-B69EEBCD6CBA}.Release|x86.Build.0 = Release|Win32
		{20C78686-DFD7-4E5D-8261-AB943A409946}.Debug|x64.ActiveCfg = Debug|x64
		{20C78686-DFD7-4E5D-8261-AB943A409946}.Debug|x64.Build.0 = Debug|x64
		{20C78686-DFD7-4E5D-8261-AB943A409946}.Debug|x86.ActiveCfg = Debug|Win32
		{20C78686-DFD7-4E5D-8261-AB943A409946}.Debug|x86.Build.0 = Debug|Win32
		{20C78686-DFD7-4E5D-8261-AB943A409946}.Release|x64.ActiveCfg = Release|x64
		{20C78686-DFD7-4E5D-8261-AB943A409946}.Release|x64.Build.0 = Release|x64
		{20C78686-DFD7-4E5D-8261-AB943A409946}.Release|x86.ActiveCfg = Release|Win32
		{20C78686-DFD7-4E5D-8261-AB943A409946}.Release|x86.Build.0 = Release|Win32
		{90FCE636-3860-4CE5-82E2-724DD573BFED}.Debug|x64.ActiveCfg = Debug|x64
		{90FCE636-3860-4CE5-82E2-724DD573BFED}.Debug|x64.Build.0 = Debug|x64
		{90FCE636-3860-4CE5-82E2-724DD573BFED}.Debug|x86.ActiveCfg = Debug|Win32
		{90FCE636-3860-4CE5-82E2-724DD573BFED}.Debug|x86.Build.0 = Debug|Win32
		{90FCE636-3860-4CE5-82E2-724DD573BFED}.Release|x64.ActiveCfg = Release|x64
		{90FCE636-3860-4CE5-82E2-724DD573BFED}.Release|x64.Build.0 = Release|x64
		{90FCE636-3860-4CE5-82E2-724DD573BFED}.Release|x86.ActiveCfg = Release|Win32
		{90FCE636-3860-4CE5-82E2-724DD573BFED}.Release|x86.Build.0 = Release|Win32
		{E5E4635F-C162-483C-8964-88BE34970CCD}.Debug|x64.ActiveCfg = Debug|x64
		{E5E4635F-C162-483C-8964-88BE34970CCD}.Debug|x64.Build.0 = Debug|x64
		{E5E4635F-C162-483C-8964-88BE34970CCD}.Debug|x86.ActiveCfg = Debug|Win32
		{E5E4635F-C162-483C-8964-88BE34970CCD}.Debug|x86.Build.0 = Debug|Win32
		{E5E4635F-C162-483C-8964-88BE34970CCD}.Release|x64.ActiveCfg = Release|x64
		{E5E4635F-C162-483C-8964-88BE34970CCD}.Release|x64.Build.0 = Release|x64
		{E5E4635F-C162-483C-8964-88BE34970CCD}.Release|x86.ActiveCfg = Release|Win32
		{E5E4635F-C162-483C-8964-88BE34970CCD}.Release|x86.Build.0 = Release|Win32
	EndGlobalSection
	GlobalSection(SolutionProperties) = preSolution
		HideSolutionNode = FALSE
	EndGlobalSection
EndGlobal
